
Microsoft Visual Studio Solution File, Format Version 12.00
# Visual Studio Version 16
Project("{8BC9CEB8-8B4A-11D0-8D11-00A0C91BC942}") = "ALL_BUILD", "ALL_BUILD.vcxproj", "{148CC89C-2F0F-3915-9426-5AA561BF2082}"
	ProjectSection(ProjectDependencies) = postProject
		{2B203841-168E-3C9A-BB8C-6CBC6995FD85} = {2B203841-168E-3C9A-BB8C-6CBC6995FD85}
		{BBB5E8B2-1D8E-3259-B1E5-315FB6DD9B08} = {BBB5E8B2-1D8E-3259-B1E5-315FB6DD9B08}
		{5A07D4AB-97F7-39F2-A530-0F006A810008} = {5A07D4AB-97F7-39F2-A530-0F006A810008}
		{29F262D9-093B-38C5-9DED-687C8819976E} = {29F262D9-093B-38C5-9DED-687C8819976E}
	EndProjectSection
EndProject
Project("{8BC9CEB8-8B4A-11D0-8D11-00A0C91BC942}") = "INSTALL", "INSTALL.vcxproj", "{F594C112-8526-393B-9989-427C3B4F16F0}"
	ProjectSection(ProjectDependencies) = postProject
		{148CC89C-2F0F-3915-9426-5AA561BF2082} = {148CC89C-2F0F-3915-9426-5AA561BF2082}
		{2B203841-168E-3C9A-BB8C-6CBC6995FD85} = {2B203841-168E-3C9A-BB8C-6CBC6995FD85}
	EndProjectSection
EndProject
Project("{8BC9CEB8-8B4A-11D0-8D11-00A0C91BC942}") = "ZERO_CHECK", "ZERO_CHECK.vcxproj", "{2B203841-168E-3C9A-BB8C-6CBC6995FD85}"
	ProjectSection(ProjectDependencies) = postProject
	EndProjectSection
EndProject
Project("{8BC9CEB8-8B4A-11D0-8D11-00A0C91BC942}") = "assignment", "runner\assignment.vcxproj", "{BBB5E8B2-1D8E-3259-B1E5-315FB6DD9B08}"
	ProjectSection(ProjectDependencies) = postProject
		{2B203841-168E-3C9A-BB8C-6CBC6995FD85} = {2B203841-168E-3C9A-BB8C-6CBC6995FD85}
		{76EE4495-D8F6-305C-A072-6970516C0F61} = {76EE4495-D8F6-305C-A072-6970516C0F61}
		{5A07D4AB-97F7-39F2-A530-0F006A810008} = {5A07D4AB-97F7-39F2-A530-0F006A810008}
	EndProjectSection
EndProject
Project("{8BC9CEB8-8B4A-11D0-8D11-00A0C91BC942}") = "flutter_assemble", "flutter\flutter_assemble.vcxproj", "{76EE4495-D8F6-305C-A072-6970516C0F61}"
	ProjectSection(ProjectDependencies) = postProject
		{2B203841-168E-3C9A-BB8C-6CBC6995FD85} = {2B203841-168E-3C9A-BB8C-6CBC6995FD85}
	EndProjectSection
EndProject
Project("{8BC9CEB8-8B4A-11D0-8D11-00A0C91BC942}") = "flutter_wrapper_app", "flutter\flutter_wrapper_app.vcxproj", "{5A07D4AB-97F7-39F2-A530-0F006A810008}"
	ProjectSection(ProjectDependencies) = postProject
		{2B203841-168E-3C9A-BB8C-6CBC6995FD85} = {2B203841-168E-3C9A-BB8C-6CBC6995FD85}
		{76EE4495-D8F6-305C-A072-6970516C0F61} = {76EE4495-D8F6-305C-A072-6970516C0F61}
	EndProjectSection
EndProject
Project("{8BC9CEB8-8B4A-11D0-8D11-00A0C91BC942}") = "flutter_wrapper_plugin", "flutter\flutter_wrapper_plugin.vcxproj", "{29F262D9-093B-38C5-9DED-687C8819976E}"
	ProjectSection(ProjectDependencies) = postProject
		{2B203841-168E-3C9A-BB8C-6CBC6995FD85} = {2B203841-168E-3C9A-BB8C-6CBC6995FD85}
		{76EE4495-D8F6-305C-A072-6970516C0F61} = {76EE4495-D8F6-305C-A072-6970516C0F61}
	EndProjectSection
EndProject
Global
	GlobalSection(SolutionConfigurationPlatforms) = preSolution
		Debug|x64 = Debug|x64
		Profile|x64 = Profile|x64
		Release|x64 = Release|x64
	EndGlobalSection
	GlobalSection(ProjectConfigurationPlatforms) = postSolution
		{148CC89C-2F0F-3915-9426-5AA561BF2082}.Debug|x64.ActiveCfg = Debug|x64
		{148CC89C-2F0F-3915-9426-5AA561BF2082}.Debug|x64.Build.0 = Debug|x64
		{148CC89C-2F0F-3915-9426-5AA561BF2082}.Profile|x64.ActiveCfg = Profile|x64
		{148CC89C-2F0F-3915-9426-5AA561BF2082}.Profile|x64.Build.0 = Profile|x64
		{148CC89C-2F0F-3915-9426-5AA561BF2082}.Release|x64.ActiveCfg = Release|x64
		{148CC89C-2F0F-3915-9426-5AA561BF2082}.Release|x64.Build.0 = Release|x64
		{F594C112-8526-393B-9989-427C3B4F16F0}.Debug|x64.ActiveCfg = Debug|x64
		{F594C112-8526-393B-9989-427C3B4F16F0}.Debug|x64.Build.0 = Debug|x64
		{F594C112-8526-393B-9989-427C3B4F16F0}.Profile|x64.ActiveCfg = Profile|x64
		{F594C112-8526-393B-9989-427C3B4F16F0}.Profile|x64.Build.0 = Profile|x64
		{F594C112-8526-393B-9989-427C3B4F16F0}.Release|x64.ActiveCfg = Release|x64
		{F594C112-8526-393B-9989-427C3B4F16F0}.Release|x64.Build.0 = Release|x64
		{2B203841-168E-3C9A-BB8C-6CBC6995FD85}.Debug|x64.ActiveCfg = Debug|x64
		{2B203841-168E-3C9A-BB8C-6CBC6995FD85}.Debug|x64.Build.0 = Debug|x64
		{2B203841-168E-3C9A-BB8C-6CBC6995FD85}.Profile|x64.ActiveCfg = Profile|x64
		{2B203841-168E-3C9A-BB8C-6CBC6995FD85}.Profile|x64.Build.0 = Profile|x64
		{2B203841-168E-3C9A-BB8C-6CBC6995FD85}.Release|x64.ActiveCfg = Release|x64
		{2B203841-168E-3C9A-BB8C-6CBC6995FD85}.Release|x64.Build.0 = Release|x64
		{BBB5E8B2-1D8E-3259-B1E5-315FB6DD9B08}.Debug|x64.ActiveCfg = Debug|x64
		{BBB5E8B2-1D8E-3259-B1E5-315FB6DD9B08}.Debug|x64.Build.0 = Debug|x64
		{BBB5E8B2-1D8E-3259-B1E5-315FB6DD9B08}.Profile|x64.ActiveCfg = Profile|x64
		{BBB5E8B2-1D8E-3259-B1E5-315FB6DD9B08}.Profile|x64.Build.0 = Profile|x64
		{BBB5E8B2-1D8E-3259-B1E5-315FB6DD9B08}.Release|x64.ActiveCfg = Release|x64
		{BBB5E8B2-1D8E-3259-B1E5-315FB6DD9B08}.Release|x64.Build.0 = Release|x64
		{76EE4495-D8F6-305C-A072-6970516C0F61}.Debug|x64.ActiveCfg = Debug|x64
		{76EE4495-D8F6-305C-A072-6970516C0F61}.Debug|x64.Build.0 = Debug|x64
		{76EE4495-D8F6-305C-A072-6970516C0F61}.Profile|x64.ActiveCfg = Profile|x64
		{76EE4495-D8F6-305C-A072-6970516C0F61}.Profile|x64.Build.0 = Profile|x64
		{76EE4495-D8F6-305C-A072-6970516C0F61}.Release|x64.ActiveCfg = Release|x64
		{76EE4495-D8F6-305C-A072-6970516C0F61}.Release|x64.Build.0 = Release|x64
		{5A07D4AB-97F7-39F2-A530-0F006A810008}.Debug|x64.ActiveCfg = Debug|x64
		{5A07D4AB-97F7-39F2-A530-0F006A810008}.Debug|x64.Build.0 = Debug|x64
		{5A07D4AB-97F7-39F2-A530-0F006A810008}.Profile|x64.ActiveCfg = Profile|x64
		{5A07D4AB-97F7-39F2-A530-0F006A810008}.Profile|x64.Build.0 = Profile|x64
		{5A07D4AB-97F7-39F2-A530-0F006A810008}.Release|x64.ActiveCfg = Release|x64
		{5A07D4AB-97F7-39F2-A530-0F006A810008}.Release|x64.Build.0 = Release|x64
		{29F262D9-093B-38C5-9DED-687C8819976E}.Debug|x64.ActiveCfg = Debug|x64
		{29F262D9-093B-38C5-9DED-687C8819976E}.Debug|x64.Build.0 = Debug|x64
		{29F262D9-093B-38C5-9DED-687C8819976E}.Profile|x64.ActiveCfg = Profile|x64
		{29F262D9-093B-38C5-9DED-687C8819976E}.Profile|x64.Build.0 = Profile|x64
		{29F262D9-093B-38C5-9DED-687C8819976E}.Release|x64.ActiveCfg = Release|x64
		{29F262D9-093B-38C5-9DED-687C8819976E}.Release|x64.Build.0 = Release|x64
	EndGlobalSection
	GlobalSection(ExtensibilityGlobals) = postSolution
		SolutionGuid = {46CE4E3B-8119-3A03-8BD9-E3BB692400DD}
	EndGlobalSection
	GlobalSection(ExtensibilityAddIns) = postSolution
	EndGlobalSection
EndGlobal
